Microsoft Visual Studio Solution File, Format Version 12.00
# Visual Studio Version 17
VisualStudioVersion = 17.5.2.0
MinimumVisualStudioVersion = 10.0.40219.1
Project("{FAE04EC0-301F-11D3-BF4B-00C04F79EFBC}") = "AiOrchestrator", "AiOrchestrator.csproj", "{C0B239AB-756E-06CD-EBD3-2E76E12ACBC8}"
EndProject
Global
	GlobalSection(SolutionConfigurationPlatforms) = preSolution
		Debug|Any CPU = Debug|Any CPU
		Release|Any CPU = Release|Any CPU
	EndGlobalSection
	GlobalSection(ProjectConfigurationPlatforms) = postSolution
		{C0B239AB-756E-06CD-EBD3-2E76E12ACBC8}.Debug|Any CPU.ActiveCfg = Debug|Any CPU
		{C0B239AB-756E-06CD-EBD3-2E76E12ACBC8}.Debug|Any CPU.Build.0 = Debug|Any CPU
		{C0B239AB-756E-06CD-EBD3-2E76E12ACBC8}.Release|Any CPU.ActiveCfg = Release|Any CPU
		{C0B239AB-756E-06CD-EBD3-2E76E12ACBC8}.Release|Any CPU.Build.0 = Release|Any CPU
	EndGlobalSection
	GlobalSection(SolutionProperties) = preSolution
		HideSolutionNode = FALSE
	EndGlobalSection
	GlobalSection(ExtensibilityGlobals) = postSolution
		SolutionGuid = {8BA485BE-2A59-4734-B23F-0B2DA80CA790}
	EndGlobalSection
EndGlobal
